version = 1
requires-python = ">=3.13"

[[package]]
name = "youtube-download-helper"
version = "0.1.0"
source = { virtual = "." }
dependencies = [
    { name = "yt-dlp" },
]

[package.metadata]
requires-dist = [{ name = "yt-dlp", specifier = "==2024.12.15.232913.dev0" }]

[package.metadata.requires-dev]
dev = []

[[package]]
name = "yt-dlp"
version = "2024.12.15.232913.dev0"
source = { registry = "https://pypi.org/simple" }
sdist = { url = "https://files.pythonhosted.org/packages/b2/aa/23c162844c21284b68bea600e4fefa9ec72c8b25e4bc5ac74f6e9f0d2d0a/yt_dlp-2024.12.15.232913.dev0.tar.gz", hash = "sha256:15cc05900fa99e60359ccc19a479348361d8fcd70e15935beb69fe00b9b4797e", size = 2914744 }
wheels = [
    { url = "https://files.pythonhosted.org/packages/54/00/53d3b4d8c94ae5592ff6053250443a6f54ecd4d8b01c6d0b1eb08c03fdc9/yt_dlp-2024.12.15.232913.dev0-py3-none-any.whl", hash = "sha256:19c2d2f4ae1430c3a3aa798bbc0939e7fd0d1cca4104e911de60cfd863825b44", size = 3176573 },
]
